
Microsoft Visual Studio Solution File, Format Version 12.00
# Visual Studio Version 17
VisualStudioVersion = 17.2.32526.322
MinimumVisualStudioVersion = 10.0.40219.1
Project("{FAE04EC0-301F-11D3-BF4B-00C04F79EFBC}") = "ConsoleDummy", "ConsoleDummy\ConsoleDummy.csproj", "{F66A5362-FA2D-4A56-9879-4BF88CDFFA2A}"
EndProject
Global
	GlobalSection(SolutionConfigurationPlatforms) = preSolution
		Debug|Any CPU = Debug|Any CPU
		Release|Any CPU = Release|Any CPU
	EndGlobalSection
	GlobalSection(ProjectConfigurationPlatforms) = postSolution
		{F66A5362-FA2D-4A56-9879-4BF88CDFFA2A}.Debug|Any CPU.ActiveCfg = Debug|Any CPU
		{F66A5362-FA2D-4A56-9879-4BF88CDFFA2A}.Debug|Any CPU.Build.0 = Debug|Any CPU
		{F66A5362-FA2D-4A56-9879-4BF88CDFFA2A}.Release|Any CPU.ActiveCfg = Release|Any CPU
		{F66A5362-FA2D-4A56-9879-4BF88CDFFA2A}.Release|Any CPU.Build.0 = Release|Any CPU
	EndGlobalSection
	GlobalSection(SolutionProperties) = preSolution
		HideSolutionNode = FALSE
	EndGlobalSection
	GlobalSection(ExtensibilityGlobals) = postSolution
		SolutionGuid = {79C8D2B6-78EF-4BAF-A97B-25C59461E889}
	EndGlobalSection
EndGlobal
